{
    "_meta": {
        "sources": [
            {
                "url": "https://pypi.python.org/simple",
                "verify_ssl": true
            }
        ],
        "requires": {},
        "hash": {
            "sha256": "13c2bb6cef801619622e41f953f9fabb7522eb17cc7a2ae386c9076f7aea34a4"
        }
    },
    "default": {
        "cookiecutter": {
            "hash": "sha256:7d95c48717c725580b4ea6d80a7256479990ab8309003e60695ea1877c296fc9",
            "version": "==1.5.1"
        },
        "arrow": {
            "hash": "sha256:805906f09445afc1f0fc80187db8fe07670e3b25cdafa09b8d8ac264a8c0c722",
            "version": "==0.10.0"
        },
        "binaryornot": {
            "hash": "sha256:4c8326ceb3727f4ff7011d7f61b7bca15cca194e2288013a73d5ccaf56d3a18b",
            "version": "==0.4.0"
        },
        "chardet": {
            "hash": "sha256:aaf514bde38020b4f1e42c6a6e141f2827a8a58ccfc3b22b6ff5a1a4b50be56e",
            "version": "==2.3.0"
        },
        "click": {
            "hash": "sha256:29f99fc6125fbc931b758dc053b3114e55c77a6e4c6c3a2674a2dc986016381d",
            "version": "==6.7"
        },
        "future": {
            "hash": "sha256:e39ced1ab767b5936646cedba8bcce582398233d6a627067d4c6a454c90cfedb",
            "version": "==0.16.0"
        },
        "Jinja2": {
            "hash": "sha256:a7b7438120dbe76a8e735ef7eba6048eaf4e0b7dbc530e100812f8ec462a4d50",
            "version": "==2.9.5"
        },
        "jinja2-time": {
            "hash": "sha256:d3eab6605e3ec8b7a0863df09cc1d23714908fa61aa6986a845c20ba488b4efa",
            "version": "==0.2.0"
        },
        "MarkupSafe": {
            "hash": "sha256:a4ec1aff59b95a14b45eb2e23761a0179e98319da5a7eb76b56ea8cdc7b871c3",
            "version": "==0.23"
        },
        "poyo": {
            "hash": "sha256:587cb31da16cb6d3015f2cc0b07322b6468c70f87c67b2d4aa501b3e77f0942d",
            "version": "==0.4.0"
        },
        "python-dateutil": {
            "hash": "sha256:537bf2a8f8ce6f6862ad705cd68f9e405c0b5db014aa40fa29eab4335d4b1716",
            "version": "==2.6.0"
        },
        "six": {
            "hash": "sha256:0ff78c403d9bccf5a425a6d31a12aa6b47f1c21ca4dc2573a7e2f32a97335eb1",
            "version": "==1.10.0"
        },
        "whichcraft": {
            "hash": "sha256:5090a36f03955a42b63b952c970ab6df296207b409d22b62d38e110132698c57",
            "version": "==0.4.0"
        }
    },
    "develop": {
        "sniffer": {
            "hash": "sha256:e8a0daa4c51dff3d00482b45dc9b978159100a8d5a7df327c28ed96586559970",
            "version": "==0.4.0"
        },
        "MacFSEvents": {
            "hash": "sha256:95d3cddaf8a42435bfbd50087785ee9e3ebb8325242cfd06a88ea21f85bcb56f",
            "version": "==0.7"
        },
        "appdirs": {
            "hash": "sha256:a53330b9d53b66aba1e26907dea2958982ebad92735f9faf3897b73c909a20c1",
            "version": "==1.4.2"
        },
        "colorama": {
            "hash": "sha256:a4c0f5bc358a62849653471e309dcc991223cf86abafbec17cd8f41327279e89",
            "version": "==0.3.7"
        },
        "nose": {
            "hash": "sha256:9ff7c6cc443f8c51994b34a667bbcf45afd6d945be7477b52e97516fd17c53ac",
            "version": "==1.3.7"
        },
        "packaging": {
            "hash": "sha256:99276dc6e3a7851f32027a68f1095cd3f77c148091b092ea867a351811cfe388",
            "version": "==16.8"
        },
        "pyparsing": {
            "hash": "sha256:67101d7acee692962f33dd30b5dce079ff532dd9aa99ff48d52a3dad51d2fe84",
            "version": "==2.1.10"
        },
        "python-termstyle": {
            "hash": "sha256:f42a6bb16fbfc5e2c66d553e7ad46524ea833872f75ee5d827c15115fafc94e2",
            "version": "==0.1.10"
        },
        "setuptools": {
            "hash": "sha256:9349b47bcdef2e695065791260f9416b7aae8739fd30c6849f807bce5281d046",
            "version": "==34.3.1"
        },
        "six": {
            "hash": "sha256:0ff78c403d9bccf5a425a6d31a12aa6b47f1c21ca4dc2573a7e2f32a97335eb1",
            "version": "==1.10.0"
        }
    }
}